
Microsoft Visual Studio Solution File, Format Version 12.00
# Visual Studio Version 17
VisualStudioVersion = 17.5.33424.131
MinimumVisualStudioVersion = 10.0.40219.1
Project("{FAE04EC0-301F-11D3-BF4B-00C04F79EFBC}") = "ExosRevision", "ExosRevision\ExosRevision.csproj", "{A89E32B9-50D9-4FE8-9321-832B577853C5}"
EndProject
Project("{FAE04EC0-301F-11D3-BF4B-00C04F79EFBC}") = "TestExosRevisions", "TestExosRevisions\TestExosRevisions.csproj", "{B30440D8-B9EC-43C1-8B4B-59247A67D405}"
EndProject
Global
	GlobalSection(SolutionConfigurationPlatforms) = preSolution
		Debug|Any CPU = Debug|Any CPU
		Release|Any CPU = Release|Any CPU
	EndGlobalSection
	GlobalSection(ProjectConfigurationPlatforms) = postSolution
		{A89E32B9-50D9-4FE8-9321-832B577853C5}.Debug|Any CPU.ActiveCfg = Debug|Any CPU
		{A89E32B9-50D9-4FE8-9321-832B577853C5}.Debug|Any CPU.Build.0 = Debug|Any CPU
		{A89E32B9-50D9-4FE8-9321-832B577853C5}.Release|Any CPU.ActiveCfg = Release|Any CPU
		{A89E32B9-50D9-4FE8-9321-832B577853C5}.Release|Any CPU.Build.0 = Release|Any CPU
		{B30440D8-B9EC-43C1-8B4B-59247A67D405}.Debug|Any CPU.ActiveCfg = Debug|Any CPU
		{B30440D8-B9EC-43C1-8B4B-59247A67D405}.Debug|Any CPU.Build.0 = Debug|Any CPU
		{B30440D8-B9EC-43C1-8B4B-59247A67D405}.Release|Any CPU.ActiveCfg = Release|Any CPU
		{B30440D8-B9EC-43C1-8B4B-59247A67D405}.Release|Any CPU.Build.0 = Release|Any CPU
	EndGlobalSection
	GlobalSection(SolutionProperties) = preSolution
		HideSolutionNode = FALSE
	EndGlobalSection
	GlobalSection(ExtensibilityGlobals) = postSolution
		SolutionGuid = {E4E2B1A7-C7A1-4330-BB87-0D396B8EBB2C}
	EndGlobalSection
EndGlobal
